
Microsoft Visual Studio Solution File, Format Version 12.00
# Visual Studio Version 17
VisualStudioVersion = 17.13.35825.156 d17.13
MinimumVisualStudioVersion = 10.0.40219.1
Project("{FAE04EC0-301F-11D3-BF4B-00C04F79EFBC}") = "Ap01", "Ap01\Ap01.csproj", "{19408746-E4E7-4AD4-AF9D-9134EAAE66D8}"
EndProject
Project("{FAE04EC0-301F-11D3-BF4B-00C04F79EFBC}") = "Ap01_2", "Ap01_2\Ap01_2.csproj", "{139F93EA-588B-45F1-B86B-28B99FC3F00F}"
EndProject
Project("{FAE04EC0-301F-11D3-BF4B-00C04F79EFBC}") = "Ap02", "Ap02\Ap02.csproj", "{D8F68F01-2749-4414-AD7B-58C48F31AA2F}"
EndProject
Project("{FAE04EC0-301F-11D3-BF4B-00C04F79EFBC}") = "Ap03", "Ap03\Ap03.csproj", "{946BD77A-24F6-4C7D-8140-24048C64F68E}"
EndProject
Project("{FAE04EC0-301F-11D3-BF4B-00C04F79EFBC}") = "Ap04", "Ap04\Ap04.csproj", "{1E2FD4C5-BE81-4B60-8AA7-761F881A052B}"
EndProject
Global
	GlobalSection(SolutionConfigurationPlatforms) = preSolution
		Debug|Any CPU = Debug|Any CPU
		Release|Any CPU = Release|Any CPU
	EndGlobalSection
	GlobalSection(ProjectConfigurationPlatforms) = postSolution
		{19408746-E4E7-4AD4-AF9D-9134EAAE66D8}.Debug|Any CPU.ActiveCfg = Debug|Any CPU
		{19408746-E4E7-4AD4-AF9D-9134EAAE66D8}.Debug|Any CPU.Build.0 = Debug|Any CPU
		{19408746-E4E7-4AD4-AF9D-9134EAAE66D8}.Release|Any CPU.ActiveCfg = Release|Any CPU
		{19408746-E4E7-4AD4-AF9D-9134EAAE66D8}.Release|Any CPU.Build.0 = Release|Any CPU
		{139F93EA-588B-45F1-B86B-28B99FC3F00F}.Debug|Any CPU.ActiveCfg = Debug|Any CPU
		{139F93EA-588B-45F1-B86B-28B99FC3F00F}.Debug|Any CPU.Build.0 = Debug|Any CPU
		{139F93EA-588B-45F1-B86B-28B99FC3F00F}.Release|Any CPU.ActiveCfg = Release|Any CPU
		{139F93EA-588B-45F1-B86B-28B99FC3F00F}.Release|Any CPU.Build.0 = Release|Any CPU
		{D8F68F01-2749-4414-AD7B-58C48F31AA2F}.Debug|Any CPU.ActiveCfg = Debug|Any CPU
		{D8F68F01-2749-4414-AD7B-58C48F31AA2F}.Debug|Any CPU.Build.0 = Debug|Any CPU
		{D8F68F01-2749-4414-AD7B-58C48F31AA2F}.Release|Any CPU.ActiveCfg = Release|Any CPU
		{D8F68F01-2749-4414-AD7B-58C48F31AA2F}.Release|Any CPU.Build.0 = Release|Any CPU
		{946BD77A-24F6-4C7D-8140-24048C64F68E}.Debug|Any CPU.ActiveCfg = Debug|Any CPU
		{946BD77A-24F6-4C7D-8140-24048C64F68E}.Debug|Any CPU.Build.0 = Debug|Any CPU
		{946BD77A-24F6-4C7D-8140-24048C64F68E}.Release|Any CPU.ActiveCfg = Release|Any CPU
		{946BD77A-24F6-4C7D-8140-24048C64F68E}.Release|Any CPU.Build.0 = Release|Any CPU
		{1E2FD4C5-BE81-4B60-8AA7-761F881A052B}.Debug|Any CPU.ActiveCfg = Debug|Any CPU
		{1E2FD4C5-BE81-4B60-8AA7-761F881A052B}.Debug|Any CPU.Build.0 = Debug|Any CPU
		{1E2FD4C5-BE81-4B60-8AA7-761F881A052B}.Release|Any CPU.ActiveCfg = Release|Any CPU
		{1E2FD4C5-BE81-4B60-8AA7-761F881A052B}.Release|Any CPU.Build.0 = Release|Any CPU
	EndGlobalSection
	GlobalSection(SolutionProperties) = preSolution
		HideSolutionNode = FALSE
	EndGlobalSection
	GlobalSection(ExtensibilityGlobals) = postSolution
		SolutionGuid = {1448C8A4-D58C-4F52-A173-4AF5E0344594}
	EndGlobalSection
EndGlobal
