
Microsoft Visual Studio Solution File, Format Version 12.00
# Visual Studio Version 17
VisualStudioVersion = 17.13.35825.156
MinimumVisualStudioVersion = 10.0.40219.1
Project("{FAE04EC0-301F-11D3-BF4B-00C04F79EFBC}") = "Ap01", "Ap01\Ap01.csproj", "{19408746-E4E7-4AD4-AF9D-9134EAAE66D8}"
EndProject
Project("{FAE04EC0-301F-11D3-BF4B-00C04F79EFBC}") = "Ap01_2", "Ap01_2\Ap01_2.csproj", "{139F93EA-588B-45F1-B86B-28B99FC3F00F}"
EndProject
Project("{FAE04EC0-301F-11D3-BF4B-00C04F79EFBC}") = "Ap02", "Ap02\Ap02.csproj", "{D8F68F01-2749-4414-AD7B-58C48F31AA2F}"
EndProject
Project("{FAE04EC0-301F-11D3-BF4B-00C04F79EFBC}") = "Ap03", "Ap03\Ap03.csproj", "{946BD77A-24F6-4C7D-8140-24048C64F68E}"
EndProject
Project("{FAE04EC0-301F-11D3-BF4B-00C04F79EFBC}") = "Ap04", "Ap04\Ap04.csproj", "{1E2FD4C5-BE81-4B60-8AA7-761F881A052B}"
EndProject
Project("{FAE04EC0-301F-11D3-BF4B-00C04F79EFBC}") = "Ap05", "Ap05\Ap05.csproj", "{7F4C7A80-A96C-4B0D-A239-429739226039}"
EndProject
Project("{FAE04EC0-301F-11D3-BF4B-00C04F79EFBC}") = "Ap06", "Ap06\Ap06.csproj", "{0866F591-1BF4-4A2B-8E2E-BC54F2AB2602}"
EndProject
Project("{FAE04EC0-301F-11D3-BF4B-00C04F79EFBC}") = "Ap07", "Ap07\Ap07.csproj", "{ED67C20E-2779-4B7D-9577-996941C8048D}"
EndProject
Project("{FAE04EC0-301F-11D3-BF4B-00C04F79EFBC}") = "Ap08", "Ap08\Ap08.csproj", "{C056C972-2DDA-4D73-807E-8E10F9518A5E}"
EndProject
Project("{FAE04EC0-301F-11D3-BF4B-00C04F79EFBC}") = "Ap09", "Ap09\Ap09.csproj", "{D857C2AA-8170-4785-B146-44311F0BEF29}"
EndProject
Project("{FAE04EC0-301F-11D3-BF4B-00C04F79EFBC}") = "Ap10", "Ap10\Ap10.csproj", "{FCE8F4B6-D898-43AA-A488-91D3C0ACC160}"
EndProject
Project("{FAE04EC0-301F-11D3-BF4B-00C04F79EFBC}") = "Poker", "Poker\Poker.csproj", "{990E6294-9B7D-4090-BD1A-73CA8F885F2C}"
EndProject
Project("{FAE04EC0-301F-11D3-BF4B-00C04F79EFBC}") = "Entity", "Entity\Entity.csproj", "{8009F267-6E1A-46DD-8372-CD5878A32373}"
EndProject
Project("{FAE04EC0-301F-11D3-BF4B-00C04F79EFBC}") = "Ap11", "Ap11\Ap11.csproj", "{A51C63B3-BABC-4DCE-82A4-D64B6B0046C5}"
EndProject
Project("{FAE04EC0-301F-11D3-BF4B-00C04F79EFBC}") = "Ap12", "Ap12\Ap12.csproj", "{848F82E2-D1CE-4FFE-B018-30688F68C08A}"
EndProject
Project("{FAE04EC0-301F-11D3-BF4B-00C04F79EFBC}") = "Ap13", "Ap13\Ap13.csproj", "{A8D81241-FF3B-4B34-ABD0-9B7C4348CE68}"
EndProject
Project("{FAE04EC0-301F-11D3-BF4B-00C04F79EFBC}") = "Ap14", "Ap14\Ap14.csproj", "{DF0DB720-32D7-46E0-A116-4DAFA30AD229}"
EndProject
Project("{FAE04EC0-301F-11D3-BF4B-00C04F79EFBC}") = "Ap15", "Ap15\Ap15.csproj", "{96684808-C472-4E2C-936F-32543DDFBEC5}"
EndProject
Project("{FAE04EC0-301F-11D3-BF4B-00C04F79EFBC}") = "A16", "A16\A16.csproj", "{51EFAFB6-B793-4A5A-9674-1D7ADA6869A4}"
EndProject
Global
	GlobalSection(SolutionConfigurationPlatforms) = preSolution
		Debug|Any CPU = Debug|Any CPU
		Release|Any CPU = Release|Any CPU
	EndGlobalSection
	GlobalSection(ProjectConfigurationPlatforms) = postSolution
		{19408746-E4E7-4AD4-AF9D-9134EAAE66D8}.Debug|Any CPU.ActiveCfg = Debug|Any CPU
		{19408746-E4E7-4AD4-AF9D-9134EAAE66D8}.Debug|Any CPU.Build.0 = Debug|Any CPU
		{19408746-E4E7-4AD4-AF9D-9134EAAE66D8}.Release|Any CPU.ActiveCfg = Release|Any CPU
		{19408746-E4E7-4AD4-AF9D-9134EAAE66D8}.Release|Any CPU.Build.0 = Release|Any CPU
		{139F93EA-588B-45F1-B86B-28B99FC3F00F}.Debug|Any CPU.ActiveCfg = Debug|Any CPU
		{139F93EA-588B-45F1-B86B-28B99FC3F00F}.Debug|Any CPU.Build.0 = Debug|Any CPU
		{139F93EA-588B-45F1-B86B-28B99FC3F00F}.Release|Any CPU.ActiveCfg = Release|Any CPU
		{139F93EA-588B-45F1-B86B-28B99FC3F00F}.Release|Any CPU.Build.0 = Release|Any CPU
		{D8F68F01-2749-4414-AD7B-58C48F31AA2F}.Debug|Any CPU.ActiveCfg = Debug|Any CPU
		{D8F68F01-2749-4414-AD7B-58C48F31AA2F}.Debug|Any CPU.Build.0 = Debug|Any CPU
		{D8F68F01-2749-4414-AD7B-58C48F31AA2F}.Release|Any CPU.ActiveCfg = Release|Any CPU
		{D8F68F01-2749-4414-AD7B-58C48F31AA2F}.Release|Any CPU.Build.0 = Release|Any CPU
		{946BD77A-24F6-4C7D-8140-24048C64F68E}.Debug|Any CPU.ActiveCfg = Debug|Any CPU
		{946BD77A-24F6-4C7D-8140-24048C64F68E}.Debug|Any CPU.Build.0 = Debug|Any CPU
		{946BD77A-24F6-4C7D-8140-24048C64F68E}.Release|Any CPU.ActiveCfg = Release|Any CPU
		{946BD77A-24F6-4C7D-8140-24048C64F68E}.Release|Any CPU.Build.0 = Release|Any CPU
		{1E2FD4C5-BE81-4B60-8AA7-761F881A052B}.Debug|Any CPU.ActiveCfg = Debug|Any CPU
		{1E2FD4C5-BE81-4B60-8AA7-761F881A052B}.Debug|Any CPU.Build.0 = Debug|Any CPU
		{1E2FD4C5-BE81-4B60-8AA7-761F881A052B}.Release|Any CPU.ActiveCfg = Release|Any CPU
		{1E2FD4C5-BE81-4B60-8AA7-761F881A052B}.Release|Any CPU.Build.0 = Release|Any CPU
		{7F4C7A80-A96C-4B0D-A239-429739226039}.Debug|Any CPU.ActiveCfg = Debug|Any CPU
		{7F4C7A80-A96C-4B0D-A239-429739226039}.Debug|Any CPU.Build.0 = Debug|Any CPU
		{7F4C7A80-A96C-4B0D-A239-429739226039}.Release|Any CPU.ActiveCfg = Release|Any CPU
		{7F4C7A80-A96C-4B0D-A239-429739226039}.Release|Any CPU.Build.0 = Release|Any CPU
		{0866F591-1BF4-4A2B-8E2E-BC54F2AB2602}.Debug|Any CPU.ActiveCfg = Debug|Any CPU
		{0866F591-1BF4-4A2B-8E2E-BC54F2AB2602}.Debug|Any CPU.Build.0 = Debug|Any CPU
		{0866F591-1BF4-4A2B-8E2E-BC54F2AB2602}.Release|Any CPU.ActiveCfg = Release|Any CPU
		{0866F591-1BF4-4A2B-8E2E-BC54F2AB2602}.Release|Any CPU.Build.0 = Release|Any CPU
		{ED67C20E-2779-4B7D-9577-996941C8048D}.Debug|Any CPU.ActiveCfg = Debug|Any CPU
		{ED67C20E-2779-4B7D-9577-996941C8048D}.Debug|Any CPU.Build.0 = Debug|Any CPU
		{ED67C20E-2779-4B7D-9577-996941C8048D}.Release|Any CPU.ActiveCfg = Release|Any CPU
		{ED67C20E-2779-4B7D-9577-996941C8048D}.Release|Any CPU.Build.0 = Release|Any CPU
		{C056C972-2DDA-4D73-807E-8E10F9518A5E}.Debug|Any CPU.ActiveCfg = Debug|Any CPU
		{C056C972-2DDA-4D73-807E-8E10F9518A5E}.Debug|Any CPU.Build.0 = Debug|Any CPU
		{C056C972-2DDA-4D73-807E-8E10F9518A5E}.Release|Any CPU.ActiveCfg = Release|Any CPU
		{C056C972-2DDA-4D73-807E-8E10F9518A5E}.Release|Any CPU.Build.0 = Release|Any CPU
		{D857C2AA-8170-4785-B146-44311F0BEF29}.Debug|Any CPU.ActiveCfg = Debug|Any CPU
		{D857C2AA-8170-4785-B146-44311F0BEF29}.Debug|Any CPU.Build.0 = Debug|Any CPU
		{D857C2AA-8170-4785-B146-44311F0BEF29}.Release|Any CPU.ActiveCfg = Release|Any CPU
		{D857C2AA-8170-4785-B146-44311F0BEF29}.Release|Any CPU.Build.0 = Release|Any CPU
		{FCE8F4B6-D898-43AA-A488-91D3C0ACC160}.Debug|Any CPU.ActiveCfg = Debug|Any CPU
		{FCE8F4B6-D898-43AA-A488-91D3C0ACC160}.Debug|Any CPU.Build.0 = Debug|Any CPU
		{FCE8F4B6-D898-43AA-A488-91D3C0ACC160}.Release|Any CPU.ActiveCfg = Release|Any CPU
		{FCE8F4B6-D898-43AA-A488-91D3C0ACC160}.Release|Any CPU.Build.0 = Release|Any CPU
		{990E6294-9B7D-4090-BD1A-73CA8F885F2C}.Debug|Any CPU.ActiveCfg = Debug|Any CPU
		{990E6294-9B7D-4090-BD1A-73CA8F885F2C}.Debug|Any CPU.Build.0 = Debug|Any CPU
		{990E6294-9B7D-4090-BD1A-73CA8F885F2C}.Release|Any CPU.ActiveCfg = Release|Any CPU
		{990E6294-9B7D-4090-BD1A-73CA8F885F2C}.Release|Any CPU.Build.0 = Release|Any CPU
		{8009F267-6E1A-46DD-8372-CD5878A32373}.Debug|Any CPU.ActiveCfg = Debug|Any CPU
		{8009F267-6E1A-46DD-8372-CD5878A32373}.Debug|Any CPU.Build.0 = Debug|Any CPU
		{8009F267-6E1A-46DD-8372-CD5878A32373}.Release|Any CPU.ActiveCfg = Release|Any CPU
		{8009F267-6E1A-46DD-8372-CD5878A32373}.Release|Any CPU.Build.0 = Release|Any CPU
		{A51C63B3-BABC-4DCE-82A4-D64B6B0046C5}.Debug|Any CPU.ActiveCfg = Debug|Any CPU
		{A51C63B3-BABC-4DCE-82A4-D64B6B0046C5}.Debug|Any CPU.Build.0 = Debug|Any CPU
		{A51C63B3-BABC-4DCE-82A4-D64B6B0046C5}.Release|Any CPU.ActiveCfg = Release|Any CPU
		{A51C63B3-BABC-4DCE-82A4-D64B6B0046C5}.Release|Any CPU.Build.0 = Release|Any CPU
		{848F82E2-D1CE-4FFE-B018-30688F68C08A}.Debug|Any CPU.ActiveCfg = Debug|Any CPU
		{848F82E2-D1CE-4FFE-B018-30688F68C08A}.Debug|Any CPU.Build.0 = Debug|Any CPU
		{848F82E2-D1CE-4FFE-B018-30688F68C08A}.Release|Any CPU.ActiveCfg = Release|Any CPU
		{848F82E2-D1CE-4FFE-B018-30688F68C08A}.Release|Any CPU.Build.0 = Release|Any CPU
		{A8D81241-FF3B-4B34-ABD0-9B7C4348CE68}.Debug|Any CPU.ActiveCfg = Debug|Any CPU
		{A8D81241-FF3B-4B34-ABD0-9B7C4348CE68}.Debug|Any CPU.Build.0 = Debug|Any CPU
		{A8D81241-FF3B-4B34-ABD0-9B7C4348CE68}.Release|Any CPU.ActiveCfg = Release|Any CPU
		{A8D81241-FF3B-4B34-ABD0-9B7C4348CE68}.Release|Any CPU.Build.0 = Release|Any CPU
		{DF0DB720-32D7-46E0-A116-4DAFA30AD229}.Debug|Any CPU.ActiveCfg = Debug|Any CPU
		{DF0DB720-32D7-46E0-A116-4DAFA30AD229}.Debug|Any CPU.Build.0 = Debug|Any CPU
		{DF0DB720-32D7-46E0-A116-4DAFA30AD229}.Release|Any CPU.ActiveCfg = Release|Any CPU
		{DF0DB720-32D7-46E0-A116-4DAFA30AD229}.Release|Any CPU.Build.0 = Release|Any CPU
		{96684808-C472-4E2C-936F-32543DDFBEC5}.Debug|Any CPU.ActiveCfg = Debug|Any CPU
		{96684808-C472-4E2C-936F-32543DDFBEC5}.Debug|Any CPU.Build.0 = Debug|Any CPU
		{96684808-C472-4E2C-936F-32543DDFBEC5}.Release|Any CPU.ActiveCfg = Release|Any CPU
		{96684808-C472-4E2C-936F-32543DDFBEC5}.Release|Any CPU.Build.0 = Release|Any CPU
		{51EFAFB6-B793-4A5A-9674-1D7ADA6869A4}.Debug|Any CPU.ActiveCfg = Debug|Any CPU
		{51EFAFB6-B793-4A5A-9674-1D7ADA6869A4}.Debug|Any CPU.Build.0 = Debug|Any CPU
		{51EFAFB6-B793-4A5A-9674-1D7ADA6869A4}.Release|Any CPU.ActiveCfg = Release|Any CPU
		{51EFAFB6-B793-4A5A-9674-1D7ADA6869A4}.Release|Any CPU.Build.0 = Release|Any CPU
	EndGlobalSection
	GlobalSection(SolutionProperties) = preSolution
		HideSolutionNode = FALSE
	EndGlobalSection
	GlobalSection(ExtensibilityGlobals) = postSolution
		SolutionGuid = {1448C8A4-D58C-4F52-A173-4AF5E0344594}
	EndGlobalSection
EndGlobal
