
Microsoft Visual Studio Solution File, Format Version 12.00
# Visual Studio Version 17
VisualStudioVersion = 17.13.35825.156 d17.13
MinimumVisualStudioVersion = 10.0.40219.1
Project("{FAE04EC0-301F-11D3-BF4B-00C04F79EFBC}") = "Ap01", "Ap01\Ap01.csproj", "{AC484C51-FE88-46BB-80CB-5508085537B0}"
EndProject
Project("{FAE04EC0-301F-11D3-BF4B-00C04F79EFBC}") = "Ap02", "Ap02\Ap02.csproj", "{2F643A1C-37B0-440F-B26C-7A3D95FF874D}"
EndProject
Project("{FAE04EC0-301F-11D3-BF4B-00C04F79EFBC}") = "Ap03", "Ap03\Ap03.csproj", "{74403D5D-AE49-4E11-ACAF-8C419A5C36DC}"
EndProject
Project("{FAE04EC0-301F-11D3-BF4B-00C04F79EFBC}") = "Ap04", "Ap04\Ap04.csproj", "{14DF6921-D72D-4723-9CAA-B5C9B8601972}"
EndProject
Project("{FAE04EC0-301F-11D3-BF4B-00C04F79EFBC}") = "Ap05", "Ap05\Ap05.csproj", "{3C4D578A-9823-4651-AB8F-E7B95258E323}"
EndProject
Project("{FAE04EC0-301F-11D3-BF4B-00C04F79EFBC}") = "Ap06", "Ap06\Ap06.csproj", "{338CB274-488F-4D38-A346-CFA765CF135E}"
EndProject
Project("{FAE04EC0-301F-11D3-BF4B-00C04F79EFBC}") = "Ap07", "Ap07\Ap07.csproj", "{5E18A5FB-D953-43BC-9429-08D6DD3E3498}"
EndProject
Project("{FAE04EC0-301F-11D3-BF4B-00C04F79EFBC}") = "Ap08", "Ap08\Ap08.csproj", "{31FE3777-FC76-40E3-8BBC-283901331DBA}"
EndProject
Project("{FAE04EC0-301F-11D3-BF4B-00C04F79EFBC}") = "Ap09", "Ap09\Ap09.csproj", "{2ABACD2F-E16D-49B3-8364-886345E77EB2}"
EndProject
Project("{FAE04EC0-301F-11D3-BF4B-00C04F79EFBC}") = "Ap10", "Ap10\Ap10.csproj", "{772AA219-3628-4673-821B-9994EC027AE1}"
EndProject
Project("{FAE04EC0-301F-11D3-BF4B-00C04F79EFBC}") = "Ap11", "Ap11\Ap11.csproj", "{DE41BC03-AC42-4FB0-8FB3-30016CE6DAF1}"
EndProject
Project("{FAE04EC0-301F-11D3-BF4B-00C04F79EFBC}") = "Ap12", "Ap12\Ap12.csproj", "{41F0D028-A18F-4806-B056-959569679290}"
EndProject
Project("{FAE04EC0-301F-11D3-BF4B-00C04F79EFBC}") = "Ap13", "Ap13\Ap13.csproj", "{3AB4932F-437B-4BB7-9358-A12E4E8F82DC}"
EndProject
Project("{FAE04EC0-301F-11D3-BF4B-00C04F79EFBC}") = "Ap14", "Ap14\Ap14.csproj", "{D536116C-0AB1-4374-8E2B-82BDF0209CF4}"
EndProject
Project("{FAE04EC0-301F-11D3-BF4B-00C04F79EFBC}") = "Ap15", "Ap15\Ap15.csproj", "{CBE8C431-8DC0-449E-AF36-85DD14C90251}"
EndProject
Project("{FAE04EC0-301F-11D3-BF4B-00C04F79EFBC}") = "Ap16", "Ap16\Ap16.csproj", "{0AFDB414-AD41-4D93-89F1-0B0BDEC0863E}"
EndProject
Project("{FAE04EC0-301F-11D3-BF4B-00C04F79EFBC}") = "Ap17", "Ap17\Ap17.csproj", "{41AC7DB6-3588-4C9F-BF50-854FDAC4E489}"
EndProject
Project("{FAE04EC0-301F-11D3-BF4B-00C04F79EFBC}") = "Ap18", "Ap18\Ap18.csproj", "{F629479F-193C-4E3D-A5BA-814C7CBB7C0C}"
EndProject
Global
	GlobalSection(SolutionConfigurationPlatforms) = preSolution
		Debug|Any CPU = Debug|Any CPU
		Release|Any CPU = Release|Any CPU
	EndGlobalSection
	GlobalSection(ProjectConfigurationPlatforms) = postSolution
		{AC484C51-FE88-46BB-80CB-5508085537B0}.Debug|Any CPU.ActiveCfg = Debug|Any CPU
		{AC484C51-FE88-46BB-80CB-5508085537B0}.Debug|Any CPU.Build.0 = Debug|Any CPU
		{AC484C51-FE88-46BB-80CB-5508085537B0}.Release|Any CPU.ActiveCfg = Release|Any CPU
		{AC484C51-FE88-46BB-80CB-5508085537B0}.Release|Any CPU.Build.0 = Release|Any CPU
		{2F643A1C-37B0-440F-B26C-7A3D95FF874D}.Debug|Any CPU.ActiveCfg = Debug|Any CPU
		{2F643A1C-37B0-440F-B26C-7A3D95FF874D}.Debug|Any CPU.Build.0 = Debug|Any CPU
		{2F643A1C-37B0-440F-B26C-7A3D95FF874D}.Release|Any CPU.ActiveCfg = Release|Any CPU
		{2F643A1C-37B0-440F-B26C-7A3D95FF874D}.Release|Any CPU.Build.0 = Release|Any CPU
		{74403D5D-AE49-4E11-ACAF-8C419A5C36DC}.Debug|Any CPU.ActiveCfg = Debug|Any CPU
		{74403D5D-AE49-4E11-ACAF-8C419A5C36DC}.Debug|Any CPU.Build.0 = Debug|Any CPU
		{74403D5D-AE49-4E11-ACAF-8C419A5C36DC}.Release|Any CPU.ActiveCfg = Release|Any CPU
		{74403D5D-AE49-4E11-ACAF-8C419A5C36DC}.Release|Any CPU.Build.0 = Release|Any CPU
		{14DF6921-D72D-4723-9CAA-B5C9B8601972}.Debug|Any CPU.ActiveCfg = Debug|Any CPU
		{14DF6921-D72D-4723-9CAA-B5C9B8601972}.Debug|Any CPU.Build.0 = Debug|Any CPU
		{14DF6921-D72D-4723-9CAA-B5C9B8601972}.Release|Any CPU.ActiveCfg = Release|Any CPU
		{14DF6921-D72D-4723-9CAA-B5C9B8601972}.Release|Any CPU.Build.0 = Release|Any CPU
		{3C4D578A-9823-4651-AB8F-E7B95258E323}.Debug|Any CPU.ActiveCfg = Debug|Any CPU
		{3C4D578A-9823-4651-AB8F-E7B95258E323}.Debug|Any CPU.Build.0 = Debug|Any CPU
		{3C4D578A-9823-4651-AB8F-E7B95258E323}.Release|Any CPU.ActiveCfg = Release|Any CPU
		{3C4D578A-9823-4651-AB8F-E7B95258E323}.Release|Any CPU.Build.0 = Release|Any CPU
		{338CB274-488F-4D38-A346-CFA765CF135E}.Debug|Any CPU.ActiveCfg = Debug|Any CPU
		{338CB274-488F-4D38-A346-CFA765CF135E}.Debug|Any CPU.Build.0 = Debug|Any CPU
		{338CB274-488F-4D38-A346-CFA765CF135E}.Release|Any CPU.ActiveCfg = Release|Any CPU
		{338CB274-488F-4D38-A346-CFA765CF135E}.Release|Any CPU.Build.0 = Release|Any CPU
		{5E18A5FB-D953-43BC-9429-08D6DD3E3498}.Debug|Any CPU.ActiveCfg = Debug|Any CPU
		{5E18A5FB-D953-43BC-9429-08D6DD3E3498}.Debug|Any CPU.Build.0 = Debug|Any CPU
		{5E18A5FB-D953-43BC-9429-08D6DD3E3498}.Release|Any CPU.ActiveCfg = Release|Any CPU
		{5E18A5FB-D953-43BC-9429-08D6DD3E3498}.Release|Any CPU.Build.0 = Release|Any CPU
		{31FE3777-FC76-40E3-8BBC-283901331DBA}.Debug|Any CPU.ActiveCfg = Debug|Any CPU
		{31FE3777-FC76-40E3-8BBC-283901331DBA}.Debug|Any CPU.Build.0 = Debug|Any CPU
		{31FE3777-FC76-40E3-8BBC-283901331DBA}.Release|Any CPU.ActiveCfg = Release|Any CPU
		{31FE3777-FC76-40E3-8BBC-283901331DBA}.Release|Any CPU.Build.0 = Release|Any CPU
		{2ABACD2F-E16D-49B3-8364-886345E77EB2}.Debug|Any CPU.ActiveCfg = Debug|Any CPU
		{2ABACD2F-E16D-49B3-8364-886345E77EB2}.Debug|Any CPU.Build.0 = Debug|Any CPU
		{2ABACD2F-E16D-49B3-8364-886345E77EB2}.Release|Any CPU.ActiveCfg = Release|Any CPU
		{2ABACD2F-E16D-49B3-8364-886345E77EB2}.Release|Any CPU.Build.0 = Release|Any CPU
		{772AA219-3628-4673-821B-9994EC027AE1}.Debug|Any CPU.ActiveCfg = Debug|Any CPU
		{772AA219-3628-4673-821B-9994EC027AE1}.Debug|Any CPU.Build.0 = Debug|Any CPU
		{772AA219-3628-4673-821B-9994EC027AE1}.Release|Any CPU.ActiveCfg = Release|Any CPU
		{772AA219-3628-4673-821B-9994EC027AE1}.Release|Any CPU.Build.0 = Release|Any CPU
		{DE41BC03-AC42-4FB0-8FB3-30016CE6DAF1}.Debug|Any CPU.ActiveCfg = Debug|Any CPU
		{DE41BC03-AC42-4FB0-8FB3-30016CE6DAF1}.Debug|Any CPU.Build.0 = Debug|Any CPU
		{DE41BC03-AC42-4FB0-8FB3-30016CE6DAF1}.Release|Any CPU.ActiveCfg = Release|Any CPU
		{DE41BC03-AC42-4FB0-8FB3-30016CE6DAF1}.Release|Any CPU.Build.0 = Release|Any CPU
		{41F0D028-A18F-4806-B056-959569679290}.Debug|Any CPU.ActiveCfg = Debug|Any CPU
		{41F0D028-A18F-4806-B056-959569679290}.Debug|Any CPU.Build.0 = Debug|Any CPU
		{41F0D028-A18F-4806-B056-959569679290}.Release|Any CPU.ActiveCfg = Release|Any CPU
		{41F0D028-A18F-4806-B056-959569679290}.Release|Any CPU.Build.0 = Release|Any CPU
		{3AB4932F-437B-4BB7-9358-A12E4E8F82DC}.Debug|Any CPU.ActiveCfg = Debug|Any CPU
		{3AB4932F-437B-4BB7-9358-A12E4E8F82DC}.Debug|Any CPU.Build.0 = Debug|Any CPU
		{3AB4932F-437B-4BB7-9358-A12E4E8F82DC}.Release|Any CPU.ActiveCfg = Release|Any CPU
		{3AB4932F-437B-4BB7-9358-A12E4E8F82DC}.Release|Any CPU.Build.0 = Release|Any CPU
		{D536116C-0AB1-4374-8E2B-82BDF0209CF4}.Debug|Any CPU.ActiveCfg = Debug|Any CPU
		{D536116C-0AB1-4374-8E2B-82BDF0209CF4}.Debug|Any CPU.Build.0 = Debug|Any CPU
		{D536116C-0AB1-4374-8E2B-82BDF0209CF4}.Release|Any CPU.ActiveCfg = Release|Any CPU
		{D536116C-0AB1-4374-8E2B-82BDF0209CF4}.Release|Any CPU.Build.0 = Release|Any CPU
		{CBE8C431-8DC0-449E-AF36-85DD14C90251}.Debug|Any CPU.ActiveCfg = Debug|Any CPU
		{CBE8C431-8DC0-449E-AF36-85DD14C90251}.Debug|Any CPU.Build.0 = Debug|Any CPU
		{CBE8C431-8DC0-449E-AF36-85DD14C90251}.Release|Any CPU.ActiveCfg = Release|Any CPU
		{CBE8C431-8DC0-449E-AF36-85DD14C90251}.Release|Any CPU.Build.0 = Release|Any CPU
		{0AFDB414-AD41-4D93-89F1-0B0BDEC0863E}.Debug|Any CPU.ActiveCfg = Debug|Any CPU
		{0AFDB414-AD41-4D93-89F1-0B0BDEC0863E}.Debug|Any CPU.Build.0 = Debug|Any CPU
		{0AFDB414-AD41-4D93-89F1-0B0BDEC0863E}.Release|Any CPU.ActiveCfg = Release|Any CPU
		{0AFDB414-AD41-4D93-89F1-0B0BDEC0863E}.Release|Any CPU.Build.0 = Release|Any CPU
		{41AC7DB6-3588-4C9F-BF50-854FDAC4E489}.Debug|Any CPU.ActiveCfg = Debug|Any CPU
		{41AC7DB6-3588-4C9F-BF50-854FDAC4E489}.Debug|Any CPU.Build.0 = Debug|Any CPU
		{41AC7DB6-3588-4C9F-BF50-854FDAC4E489}.Release|Any CPU.ActiveCfg = Release|Any CPU
		{41AC7DB6-3588-4C9F-BF50-854FDAC4E489}.Release|Any CPU.Build.0 = Release|Any CPU
		{F629479F-193C-4E3D-A5BA-814C7CBB7C0C}.Debug|Any CPU.ActiveCfg = Debug|Any CPU
		{F629479F-193C-4E3D-A5BA-814C7CBB7C0C}.Debug|Any CPU.Build.0 = Debug|Any CPU
		{F629479F-193C-4E3D-A5BA-814C7CBB7C0C}.Release|Any CPU.ActiveCfg = Release|Any CPU
		{F629479F-193C-4E3D-A5BA-814C7CBB7C0C}.Release|Any CPU.Build.0 = Release|Any CPU
	EndGlobalSection
	GlobalSection(SolutionProperties) = preSolution
		HideSolutionNode = FALSE
	EndGlobalSection
	GlobalSection(ExtensibilityGlobals) = postSolution
		SolutionGuid = {331BDA45-CF42-4819-8B59-3D1A26BEB722}
	EndGlobalSection
EndGlobal
