
Microsoft Visual Studio Solution File, Format Version 12.00
# Visual Studio Version 17
VisualStudioVersion = 17.8.34511.84
MinimumVisualStudioVersion = 10.0.40219.1
Project("{FAE04EC0-301F-11D3-BF4B-00C04F79EFBC}") = "Ap01", "Ap01\Ap01.csproj", "{3EEFD78B-2D47-47CF-8BE1-FAEDBE04035A}"
EndProject
Project("{FAE04EC0-301F-11D3-BF4B-00C04F79EFBC}") = "Ap02", "Ap02\Ap02.csproj", "{EC8C1EF0-F72C-488E-8BE9-CCF418FEB3CE}"
EndProject
Project("{FAE04EC0-301F-11D3-BF4B-00C04F79EFBC}") = "Ap03", "Ap03\Ap03.csproj", "{567D8E54-3645-46B4-BAED-E11378C4C689}"
EndProject
Global
	GlobalSection(SolutionConfigurationPlatforms) = preSolution
		Debug|Any CPU = Debug|Any CPU
		Release|Any CPU = Release|Any CPU
	EndGlobalSection
	GlobalSection(ProjectConfigurationPlatforms) = postSolution
		{3EEFD78B-2D47-47CF-8BE1-FAEDBE04035A}.Debug|Any CPU.ActiveCfg = Debug|Any CPU
		{3EEFD78B-2D47-47CF-8BE1-FAEDBE04035A}.Debug|Any CPU.Build.0 = Debug|Any CPU
		{3EEFD78B-2D47-47CF-8BE1-FAEDBE04035A}.Release|Any CPU.ActiveCfg = Release|Any CPU
		{3EEFD78B-2D47-47CF-8BE1-FAEDBE04035A}.Release|Any CPU.Build.0 = Release|Any CPU
		{EC8C1EF0-F72C-488E-8BE9-CCF418FEB3CE}.Debug|Any CPU.ActiveCfg = Debug|Any CPU
		{EC8C1EF0-F72C-488E-8BE9-CCF418FEB3CE}.Debug|Any CPU.Build.0 = Debug|Any CPU
		{EC8C1EF0-F72C-488E-8BE9-CCF418FEB3CE}.Release|Any CPU.ActiveCfg = Release|Any CPU
		{EC8C1EF0-F72C-488E-8BE9-CCF418FEB3CE}.Release|Any CPU.Build.0 = Release|Any CPU
		{567D8E54-3645-46B4-BAED-E11378C4C689}.Debug|Any CPU.ActiveCfg = Debug|Any CPU
		{567D8E54-3645-46B4-BAED-E11378C4C689}.Debug|Any CPU.Build.0 = Debug|Any CPU
		{567D8E54-3645-46B4-BAED-E11378C4C689}.Release|Any CPU.ActiveCfg = Release|Any CPU
		{567D8E54-3645-46B4-BAED-E11378C4C689}.Release|Any CPU.Build.0 = Release|Any CPU
	EndGlobalSection
	GlobalSection(SolutionProperties) = preSolution
		HideSolutionNode = FALSE
	EndGlobalSection
	GlobalSection(ExtensibilityGlobals) = postSolution
		SolutionGuid = {77B1629F-8AFF-4F6F-9F79-1112B70F007D}
	EndGlobalSection
EndGlobal
