
Microsoft Visual Studio Solution File, Format Version 12.00
# Visual Studio Version 17
VisualStudioVersion = 17.13.35825.156
MinimumVisualStudioVersion = 10.0.40219.1
Project("{FAE04EC0-301F-11D3-BF4B-00C04F79EFBC}") = "Ap01", "Ap01\Ap01.csproj", "{AA71F3BD-957F-4635-92D7-1B921EB7195E}"
EndProject
Project("{FAE04EC0-301F-11D3-BF4B-00C04F79EFBC}") = "Ap02", "Ap02\Ap02.csproj", "{2F73E2C4-B241-48A2-9FC7-15851FA211B3}"
EndProject
Project("{FAE04EC0-301F-11D3-BF4B-00C04F79EFBC}") = "Ap03", "Ap03\Ap03.csproj", "{57B20210-CF46-4E04-9778-2A7241573BEE}"
EndProject
Project("{FAE04EC0-301F-11D3-BF4B-00C04F79EFBC}") = "Ap04", "Ap04\Ap04.csproj", "{6416985A-B498-4327-B2D5-15757C0343E4}"
EndProject
Project("{FAE04EC0-301F-11D3-BF4B-00C04F79EFBC}") = "Ap05", "Ap05\Ap05.csproj", "{25957175-84A0-492A-8AF4-5EC5E8C63654}"
EndProject
Project("{FAE04EC0-301F-11D3-BF4B-00C04F79EFBC}") = "Ap06", "Ap06\Ap06.csproj", "{C2795C56-8E93-4841-BD4A-9D4F6F9194A4}"
EndProject
Project("{FAE04EC0-301F-11D3-BF4B-00C04F79EFBC}") = "Ap07", "Ap07\Ap07.csproj", "{1B949203-71F0-4B14-BB6D-4F8D2FADF622}"
EndProject
Project("{FAE04EC0-301F-11D3-BF4B-00C04F79EFBC}") = "Ap08", "Ap08\Ap08.csproj", "{BE6F929B-2080-4722-90D5-CD3FF8EEF57F}"
EndProject
Global
	GlobalSection(SolutionConfigurationPlatforms) = preSolution
		Debug|Any CPU = Debug|Any CPU
		Release|Any CPU = Release|Any CPU
	EndGlobalSection
	GlobalSection(ProjectConfigurationPlatforms) = postSolution
		{AA71F3BD-957F-4635-92D7-1B921EB7195E}.Debug|Any CPU.ActiveCfg = Debug|Any CPU
		{AA71F3BD-957F-4635-92D7-1B921EB7195E}.Debug|Any CPU.Build.0 = Debug|Any CPU
		{AA71F3BD-957F-4635-92D7-1B921EB7195E}.Release|Any CPU.ActiveCfg = Release|Any CPU
		{AA71F3BD-957F-4635-92D7-1B921EB7195E}.Release|Any CPU.Build.0 = Release|Any CPU
		{2F73E2C4-B241-48A2-9FC7-15851FA211B3}.Debug|Any CPU.ActiveCfg = Debug|Any CPU
		{2F73E2C4-B241-48A2-9FC7-15851FA211B3}.Debug|Any CPU.Build.0 = Debug|Any CPU
		{2F73E2C4-B241-48A2-9FC7-15851FA211B3}.Release|Any CPU.ActiveCfg = Release|Any CPU
		{2F73E2C4-B241-48A2-9FC7-15851FA211B3}.Release|Any CPU.Build.0 = Release|Any CPU
		{57B20210-CF46-4E04-9778-2A7241573BEE}.Debug|Any CPU.ActiveCfg = Debug|Any CPU
		{57B20210-CF46-4E04-9778-2A7241573BEE}.Debug|Any CPU.Build.0 = Debug|Any CPU
		{57B20210-CF46-4E04-9778-2A7241573BEE}.Release|Any CPU.ActiveCfg = Release|Any CPU
		{57B20210-CF46-4E04-9778-2A7241573BEE}.Release|Any CPU.Build.0 = Release|Any CPU
		{6416985A-B498-4327-B2D5-15757C0343E4}.Debug|Any CPU.ActiveCfg = Debug|Any CPU
		{6416985A-B498-4327-B2D5-15757C0343E4}.Debug|Any CPU.Build.0 = Debug|Any CPU
		{6416985A-B498-4327-B2D5-15757C0343E4}.Release|Any CPU.ActiveCfg = Release|Any CPU
		{6416985A-B498-4327-B2D5-15757C0343E4}.Release|Any CPU.Build.0 = Release|Any CPU
		{25957175-84A0-492A-8AF4-5EC5E8C63654}.Debug|Any CPU.ActiveCfg = Debug|Any CPU
		{25957175-84A0-492A-8AF4-5EC5E8C63654}.Debug|Any CPU.Build.0 = Debug|Any CPU
		{25957175-84A0-492A-8AF4-5EC5E8C63654}.Release|Any CPU.ActiveCfg = Release|Any CPU
		{25957175-84A0-492A-8AF4-5EC5E8C63654}.Release|Any CPU.Build.0 = Release|Any CPU
		{C2795C56-8E93-4841-BD4A-9D4F6F9194A4}.Debug|Any CPU.ActiveCfg = Debug|Any CPU
		{C2795C56-8E93-4841-BD4A-9D4F6F9194A4}.Debug|Any CPU.Build.0 = Debug|Any CPU
		{C2795C56-8E93-4841-BD4A-9D4F6F9194A4}.Release|Any CPU.ActiveCfg = Release|Any CPU
		{C2795C56-8E93-4841-BD4A-9D4F6F9194A4}.Release|Any CPU.Build.0 = Release|Any CPU
		{1B949203-71F0-4B14-BB6D-4F8D2FADF622}.Debug|Any CPU.ActiveCfg = Debug|Any CPU
		{1B949203-71F0-4B14-BB6D-4F8D2FADF622}.Debug|Any CPU.Build.0 = Debug|Any CPU
		{1B949203-71F0-4B14-BB6D-4F8D2FADF622}.Release|Any CPU.ActiveCfg = Release|Any CPU
		{1B949203-71F0-4B14-BB6D-4F8D2FADF622}.Release|Any CPU.Build.0 = Release|Any CPU
		{BE6F929B-2080-4722-90D5-CD3FF8EEF57F}.Debug|Any CPU.ActiveCfg = Debug|Any CPU
		{BE6F929B-2080-4722-90D5-CD3FF8EEF57F}.Debug|Any CPU.Build.0 = Debug|Any CPU
		{BE6F929B-2080-4722-90D5-CD3FF8EEF57F}.Release|Any CPU.ActiveCfg = Release|Any CPU
		{BE6F929B-2080-4722-90D5-CD3FF8EEF57F}.Release|Any CPU.Build.0 = Release|Any CPU
	EndGlobalSection
	GlobalSection(SolutionProperties) = preSolution
		HideSolutionNode = FALSE
	EndGlobalSection
	GlobalSection(ExtensibilityGlobals) = postSolution
		SolutionGuid = {975F7226-2318-4D20-A771-8329196EF6CA}
	EndGlobalSection
EndGlobal
