
Microsoft Visual Studio Solution File, Format Version 12.00
# Visual Studio Version 17
VisualStudioVersion = 17.8.34511.84
MinimumVisualStudioVersion = 10.0.40219.1
Project("{9A19103F-16F7-4668-BE54-9A1E7A4F7556}") = "Ap01", "Ap01\Ap01.csproj", "{BBC0E42D-59E6-43C3-B35A-B8C155F8F150}"
EndProject
Project("{9A19103F-16F7-4668-BE54-9A1E7A4F7556}") = "Ap02", "Ap02\Ap02.csproj", "{FA360ED1-EB4E-48D6-93D7-2835D67B1AA0}"
EndProject
Project("{9A19103F-16F7-4668-BE54-9A1E7A4F7556}") = "Ap03", "Ap03\Ap03.csproj", "{2A5391C9-3E80-4283-BBF0-00A68BCEC3DF}"
EndProject
Project("{9A19103F-16F7-4668-BE54-9A1E7A4F7556}") = "Ap04", "Ap04\Ap04.csproj", "{D8B5231F-CB69-4D6C-8EE6-EF16AD06D706}"
EndProject
Project("{9A19103F-16F7-4668-BE54-9A1E7A4F7556}") = "Ap05", "Ap05\Ap05.csproj", "{3E750FCD-824C-4320-B583-03D71B563062}"
EndProject
Project("{9A19103F-16F7-4668-BE54-9A1E7A4F7556}") = "Ap06", "Ap06\Ap06.csproj", "{23892DC5-00BF-4F3D-A95E-04643D4415F6}"
EndProject
Project("{9A19103F-16F7-4668-BE54-9A1E7A4F7556}") = "Ap07", "Ap07\Ap07.csproj", "{BBE52186-03DA-4C23-9838-8E30F21AF690}"
EndProject
Project("{9A19103F-16F7-4668-BE54-9A1E7A4F7556}") = "Ap08", "Ap08\Ap08.csproj", "{CE26A1F4-F805-43E2-8E9E-3DA3C7B9A5F3}"
EndProject
Project("{9A19103F-16F7-4668-BE54-9A1E7A4F7556}") = "Ap09", "Ap09\Ap09.csproj", "{3325485E-478C-4BF0-B70F-37FA901056E7}"
EndProject
Project("{9A19103F-16F7-4668-BE54-9A1E7A4F7556}") = "Ap10", "Ap10\Ap10.csproj", "{2B25967C-1A52-43C9-A887-58BF6350086D}"
EndProject
Project("{9A19103F-16F7-4668-BE54-9A1E7A4F7556}") = "Ap11", "Ap11\Ap11.csproj", "{37A20F35-869E-48F1-BA82-492C64051D11}"
EndProject
Project("{9A19103F-16F7-4668-BE54-9A1E7A4F7556}") = "Ap12", "Ap12\Ap12.csproj", "{A38DB5ED-F34E-4BE0-B895-1B108976E68D}"
EndProject
Project("{9A19103F-16F7-4668-BE54-9A1E7A4F7556}") = "Ap13", "Ap13\Ap13.csproj", "{AC3329E8-72EE-4622-BDC0-580A75F676B4}"
EndProject
Project("{9A19103F-16F7-4668-BE54-9A1E7A4F7556}") = "Ap14", "Ap14\Ap14.csproj", "{3E4766C6-7C02-41AF-A005-05109A49A7F9}"
EndProject
Project("{9A19103F-16F7-4668-BE54-9A1E7A4F7556}") = "Ap15", "Ap15\Ap15.csproj", "{2E14B95A-B2F9-4949-ADB1-AD9D396CDC43}"
EndProject
Project("{FAE04EC0-301F-11D3-BF4B-00C04F79EFBC}") = "Ap16", "Ap16\Ap16.csproj", "{58AE2EAA-E5D2-41D0-9842-E42BFBE8B233}"
EndProject
Project("{FAE04EC0-301F-11D3-BF4B-00C04F79EFBC}") = "Ap17", "Ap17\Ap17.csproj", "{B7BBAFDD-0E53-4792-B791-6CED11BB4D14}"
EndProject
Project("{FAE04EC0-301F-11D3-BF4B-00C04F79EFBC}") = "Ap18", "Ap18\Ap18.csproj", "{4345939B-2636-4A41-AA38-E70C6EB37142}"
EndProject
Project("{FAE04EC0-301F-11D3-BF4B-00C04F79EFBC}") = "Ap19", "Ap19\Ap19.csproj", "{CBA6B7FC-DD16-41E2-A348-BB58C623FFC5}"
EndProject
Project("{FAE04EC0-301F-11D3-BF4B-00C04F79EFBC}") = "Ap20", "Ap20\Ap20.csproj", "{FE4DE186-8CA1-490A-8BCA-AFC3533DF7AA}"
EndProject
Global
	GlobalSection(SolutionConfigurationPlatforms) = preSolution
		Debug|Any CPU = Debug|Any CPU
		Release|Any CPU = Release|Any CPU
	EndGlobalSection
	GlobalSection(ProjectConfigurationPlatforms) = postSolution
		{BBC0E42D-59E6-43C3-B35A-B8C155F8F150}.Debug|Any CPU.ActiveCfg = Debug|Any CPU
		{BBC0E42D-59E6-43C3-B35A-B8C155F8F150}.Debug|Any CPU.Build.0 = Debug|Any CPU
		{BBC0E42D-59E6-43C3-B35A-B8C155F8F150}.Release|Any CPU.ActiveCfg = Release|Any CPU
		{BBC0E42D-59E6-43C3-B35A-B8C155F8F150}.Release|Any CPU.Build.0 = Release|Any CPU
		{FA360ED1-EB4E-48D6-93D7-2835D67B1AA0}.Debug|Any CPU.ActiveCfg = Debug|Any CPU
		{FA360ED1-EB4E-48D6-93D7-2835D67B1AA0}.Debug|Any CPU.Build.0 = Debug|Any CPU
		{FA360ED1-EB4E-48D6-93D7-2835D67B1AA0}.Release|Any CPU.ActiveCfg = Release|Any CPU
		{FA360ED1-EB4E-48D6-93D7-2835D67B1AA0}.Release|Any CPU.Build.0 = Release|Any CPU
		{2A5391C9-3E80-4283-BBF0-00A68BCEC3DF}.Debug|Any CPU.ActiveCfg = Debug|Any CPU
		{2A5391C9-3E80-4283-BBF0-00A68BCEC3DF}.Debug|Any CPU.Build.0 = Debug|Any CPU
		{2A5391C9-3E80-4283-BBF0-00A68BCEC3DF}.Release|Any CPU.ActiveCfg = Release|Any CPU
		{2A5391C9-3E80-4283-BBF0-00A68BCEC3DF}.Release|Any CPU.Build.0 = Release|Any CPU
		{D8B5231F-CB69-4D6C-8EE6-EF16AD06D706}.Debug|Any CPU.ActiveCfg = Debug|Any CPU
		{D8B5231F-CB69-4D6C-8EE6-EF16AD06D706}.Debug|Any CPU.Build.0 = Debug|Any CPU
		{D8B5231F-CB69-4D6C-8EE6-EF16AD06D706}.Release|Any CPU.ActiveCfg = Release|Any CPU
		{D8B5231F-CB69-4D6C-8EE6-EF16AD06D706}.Release|Any CPU.Build.0 = Release|Any CPU
		{3E750FCD-824C-4320-B583-03D71B563062}.Debug|Any CPU.ActiveCfg = Debug|Any CPU
		{3E750FCD-824C-4320-B583-03D71B563062}.Debug|Any CPU.Build.0 = Debug|Any CPU
		{3E750FCD-824C-4320-B583-03D71B563062}.Release|Any CPU.ActiveCfg = Release|Any CPU
		{3E750FCD-824C-4320-B583-03D71B563062}.Release|Any CPU.Build.0 = Release|Any CPU
		{23892DC5-00BF-4F3D-A95E-04643D4415F6}.Debug|Any CPU.ActiveCfg = Debug|Any CPU
		{23892DC5-00BF-4F3D-A95E-04643D4415F6}.Debug|Any CPU.Build.0 = Debug|Any CPU
		{23892DC5-00BF-4F3D-A95E-04643D4415F6}.Release|Any CPU.ActiveCfg = Release|Any CPU
		{23892DC5-00BF-4F3D-A95E-04643D4415F6}.Release|Any CPU.Build.0 = Release|Any CPU
		{BBE52186-03DA-4C23-9838-8E30F21AF690}.Debug|Any CPU.ActiveCfg = Debug|Any CPU
		{BBE52186-03DA-4C23-9838-8E30F21AF690}.Debug|Any CPU.Build.0 = Debug|Any CPU
		{BBE52186-03DA-4C23-9838-8E30F21AF690}.Release|Any CPU.ActiveCfg = Release|Any CPU
		{BBE52186-03DA-4C23-9838-8E30F21AF690}.Release|Any CPU.Build.0 = Release|Any CPU
		{CE26A1F4-F805-43E2-8E9E-3DA3C7B9A5F3}.Debug|Any CPU.ActiveCfg = Debug|Any CPU
		{CE26A1F4-F805-43E2-8E9E-3DA3C7B9A5F3}.Debug|Any CPU.Build.0 = Debug|Any CPU
		{CE26A1F4-F805-43E2-8E9E-3DA3C7B9A5F3}.Release|Any CPU.ActiveCfg = Release|Any CPU
		{CE26A1F4-F805-43E2-8E9E-3DA3C7B9A5F3}.Release|Any CPU.Build.0 = Release|Any CPU
		{3325485E-478C-4BF0-B70F-37FA901056E7}.Debug|Any CPU.ActiveCfg = Debug|Any CPU
		{3325485E-478C-4BF0-B70F-37FA901056E7}.Debug|Any CPU.Build.0 = Debug|Any CPU
		{3325485E-478C-4BF0-B70F-37FA901056E7}.Release|Any CPU.ActiveCfg = Release|Any CPU
		{3325485E-478C-4BF0-B70F-37FA901056E7}.Release|Any CPU.Build.0 = Release|Any CPU
		{2B25967C-1A52-43C9-A887-58BF6350086D}.Debug|Any CPU.ActiveCfg = Debug|Any CPU
		{2B25967C-1A52-43C9-A887-58BF6350086D}.Debug|Any CPU.Build.0 = Debug|Any CPU
		{2B25967C-1A52-43C9-A887-58BF6350086D}.Release|Any CPU.ActiveCfg = Release|Any CPU
		{2B25967C-1A52-43C9-A887-58BF6350086D}.Release|Any CPU.Build.0 = Release|Any CPU
		{37A20F35-869E-48F1-BA82-492C64051D11}.Debug|Any CPU.ActiveCfg = Debug|Any CPU
		{37A20F35-869E-48F1-BA82-492C64051D11}.Debug|Any CPU.Build.0 = Debug|Any CPU
		{37A20F35-869E-48F1-BA82-492C64051D11}.Release|Any CPU.ActiveCfg = Release|Any CPU
		{37A20F35-869E-48F1-BA82-492C64051D11}.Release|Any CPU.Build.0 = Release|Any CPU
		{A38DB5ED-F34E-4BE0-B895-1B108976E68D}.Debug|Any CPU.ActiveCfg = Debug|Any CPU
		{A38DB5ED-F34E-4BE0-B895-1B108976E68D}.Debug|Any CPU.Build.0 = Debug|Any CPU
		{A38DB5ED-F34E-4BE0-B895-1B108976E68D}.Release|Any CPU.ActiveCfg = Release|Any CPU
		{A38DB5ED-F34E-4BE0-B895-1B108976E68D}.Release|Any CPU.Build.0 = Release|Any CPU
		{AC3329E8-72EE-4622-BDC0-580A75F676B4}.Debug|Any CPU.ActiveCfg = Debug|Any CPU
		{AC3329E8-72EE-4622-BDC0-580A75F676B4}.Debug|Any CPU.Build.0 = Debug|Any CPU
		{AC3329E8-72EE-4622-BDC0-580A75F676B4}.Release|Any CPU.ActiveCfg = Release|Any CPU
		{AC3329E8-72EE-4622-BDC0-580A75F676B4}.Release|Any CPU.Build.0 = Release|Any CPU
		{3E4766C6-7C02-41AF-A005-05109A49A7F9}.Debug|Any CPU.ActiveCfg = Debug|Any CPU
		{3E4766C6-7C02-41AF-A005-05109A49A7F9}.Debug|Any CPU.Build.0 = Debug|Any CPU
		{3E4766C6-7C02-41AF-A005-05109A49A7F9}.Release|Any CPU.ActiveCfg = Release|Any CPU
		{3E4766C6-7C02-41AF-A005-05109A49A7F9}.Release|Any CPU.Build.0 = Release|Any CPU
		{2E14B95A-B2F9-4949-ADB1-AD9D396CDC43}.Debug|Any CPU.ActiveCfg = Debug|Any CPU
		{2E14B95A-B2F9-4949-ADB1-AD9D396CDC43}.Debug|Any CPU.Build.0 = Debug|Any CPU
		{2E14B95A-B2F9-4949-ADB1-AD9D396CDC43}.Release|Any CPU.ActiveCfg = Release|Any CPU
		{2E14B95A-B2F9-4949-ADB1-AD9D396CDC43}.Release|Any CPU.Build.0 = Release|Any CPU
		{58AE2EAA-E5D2-41D0-9842-E42BFBE8B233}.Debug|Any CPU.ActiveCfg = Debug|Any CPU
		{58AE2EAA-E5D2-41D0-9842-E42BFBE8B233}.Debug|Any CPU.Build.0 = Debug|Any CPU
		{58AE2EAA-E5D2-41D0-9842-E42BFBE8B233}.Release|Any CPU.ActiveCfg = Release|Any CPU
		{58AE2EAA-E5D2-41D0-9842-E42BFBE8B233}.Release|Any CPU.Build.0 = Release|Any CPU
		{B7BBAFDD-0E53-4792-B791-6CED11BB4D14}.Debug|Any CPU.ActiveCfg = Debug|Any CPU
		{B7BBAFDD-0E53-4792-B791-6CED11BB4D14}.Debug|Any CPU.Build.0 = Debug|Any CPU
		{B7BBAFDD-0E53-4792-B791-6CED11BB4D14}.Release|Any CPU.ActiveCfg = Release|Any CPU
		{B7BBAFDD-0E53-4792-B791-6CED11BB4D14}.Release|Any CPU.Build.0 = Release|Any CPU
		{4345939B-2636-4A41-AA38-E70C6EB37142}.Debug|Any CPU.ActiveCfg = Debug|Any CPU
		{4345939B-2636-4A41-AA38-E70C6EB37142}.Debug|Any CPU.Build.0 = Debug|Any CPU
		{4345939B-2636-4A41-AA38-E70C6EB37142}.Release|Any CPU.ActiveCfg = Release|Any CPU
		{4345939B-2636-4A41-AA38-E70C6EB37142}.Release|Any CPU.Build.0 = Release|Any CPU
		{CBA6B7FC-DD16-41E2-A348-BB58C623FFC5}.Debug|Any CPU.ActiveCfg = Debug|Any CPU
		{CBA6B7FC-DD16-41E2-A348-BB58C623FFC5}.Debug|Any CPU.Build.0 = Debug|Any CPU
		{CBA6B7FC-DD16-41E2-A348-BB58C623FFC5}.Release|Any CPU.ActiveCfg = Release|Any CPU
		{CBA6B7FC-DD16-41E2-A348-BB58C623FFC5}.Release|Any CPU.Build.0 = Release|Any CPU
		{FE4DE186-8CA1-490A-8BCA-AFC3533DF7AA}.Debug|Any CPU.ActiveCfg = Debug|Any CPU
		{FE4DE186-8CA1-490A-8BCA-AFC3533DF7AA}.Debug|Any CPU.Build.0 = Debug|Any CPU
		{FE4DE186-8CA1-490A-8BCA-AFC3533DF7AA}.Release|Any CPU.ActiveCfg = Release|Any CPU
		{FE4DE186-8CA1-490A-8BCA-AFC3533DF7AA}.Release|Any CPU.Build.0 = Release|Any CPU
	EndGlobalSection
	GlobalSection(SolutionProperties) = preSolution
		HideSolutionNode = FALSE
	EndGlobalSection
	GlobalSection(ExtensibilityGlobals) = postSolution
		SolutionGuid = {D56805AC-B89E-4CC9-9FD7-E78F8D8558FD}
	EndGlobalSection
EndGlobal
