
Microsoft Visual Studio Solution File, Format Version 12.00
# Visual Studio Version 17
VisualStudioVersion = 17.14.36717.8 d17.14
MinimumVisualStudioVersion = 10.0.40219.1
Project("{FAE04EC0-301F-11D3-BF4B-00C04F79EFBC}") = "WebApplication1", "WebApplication1\WebApplication1.csproj", "{656BE83B-7F2C-4670-80EE-97C911357386}"
EndProject
Global
	GlobalSection(SolutionConfigurationPlatforms) = preSolution
		Debug|Any CPU = Debug|Any CPU
		Release|Any CPU = Release|Any CPU
	EndGlobalSection
	GlobalSection(ProjectConfigurationPlatforms) = postSolution
		{656BE83B-7F2C-4670-80EE-97C911357386}.Debug|Any CPU.ActiveCfg = Debug|Any CPU
		{656BE83B-7F2C-4670-80EE-97C911357386}.Debug|Any CPU.Build.0 = Debug|Any CPU
		{656BE83B-7F2C-4670-80EE-97C911357386}.Release|Any CPU.ActiveCfg = Release|Any CPU
		{656BE83B-7F2C-4670-80EE-97C911357386}.Release|Any CPU.Build.0 = Release|Any CPU
	EndGlobalSection
	GlobalSection(SolutionProperties) = preSolution
		HideSolutionNode = FALSE
	EndGlobalSection
	GlobalSection(ExtensibilityGlobals) = postSolution
		SolutionGuid = {823716A4-5FF8-4D3D-AC3B-15CC2B4CBA3A}
	EndGlobalSection
EndGlobal
